{
  "originHash" : "eb590742949acb068ef0acc0a8e05ca1479f3d1e85467d8245c7140b481ab997",
  "pins" : [
    {
      "identity" : "navio",
      "kind" : "remoteSourceControl",
      "location" : "https://github.com/HtetAungShine6/Navio.git",
      "state" : {
        "branch" : "main",
        "revision" : "b28c909f9544425ec073e6bbac4d0988d4c3a440"
      }
    }
  ],
  "version" : 3
}
